
Microsoft Visual Studio Solution File, Format Version 12.00
# Visual Studio Version 17
VisualStudioVersion = 17.3.32901.215
MinimumVisualStudioVersion = 10.0.40219.1
Project("{FAE04EC0-301F-11D3-BF4B-00C04F79EFBC}") = "My Books", "My Books.csproj", "{4C3B81B9-AFD3-46EE-BAC0-1F8E8C6BC630}"
EndProject
Global
	GlobalSection(SolutionConfigurationPlatforms) = preSolution
		Debug|Any CPU = Debug|Any CPU
		Release|Any CPU = Release|Any CPU
	EndGlobalSection
	GlobalSection(ProjectConfigurationPlatforms) = postSolution
		{4C3B81B9-AFD3-46EE-BAC0-1F8E8C6BC630}.Debug|Any CPU.ActiveCfg = Debug|Any CPU
		{4C3B81B9-AFD3-46EE-BAC0-1F8E8C6BC630}.Debug|Any CPU.Build.0 = Debug|Any CPU
		{4C3B81B9-AFD3-46EE-BAC0-1F8E8C6BC630}.Release|Any CPU.ActiveCfg = Release|Any CPU
		{4C3B81B9-AFD3-46EE-BAC0-1F8E8C6BC630}.Release|Any CPU.Build.0 = Release|Any CPU
	EndGlobalSection
	GlobalSection(SolutionProperties) = preSolution
		HideSolutionNode = FALSE
	EndGlobalSection
	GlobalSection(ExtensibilityGlobals) = postSolution
		SolutionGuid = {6A5695B1-9D38-4BD4-8AC0-0CE5CD823BE2}
	EndGlobalSection
EndGlobal
